# THIS IS AN AUTOGENERATED FILE. DO NOT EDIT THIS FILE DIRECTLY.
# yarn lockfile v1


"@apollographql/graphql-playground-html@^1.6.0":
  version "1.6.0"
  resolved "https://registry.yarnpkg.com/@apollographql/graphql-playground-html/-/graphql-playground-html-1.6.0.tgz#15e1a042b97d6834e6d70b17cc73e1514fde9027"

"@babel/runtime@^7.0.0-beta.40":
  version "7.0.0-rc.1"
  resolved "https://registry.yarnpkg.com/@babel/runtime/-/runtime-7.0.0-rc.1.tgz#42f36fc5817911c89ea75da2b874054922967616"
  dependencies:
    regenerator-runtime "^0.12.0"

"@protobufjs/aspromise@^1.1.1", "@protobufjs/aspromise@^1.1.2":
  version "1.1.2"
  resolved "https://registry.yarnpkg.com/@protobufjs/aspromise/-/aspromise-1.1.2.tgz#9b8b0cc663d669a7d8f6f5d0893a14d348f30fbf"

"@protobufjs/base64@^1.1.2":
  version "1.1.2"
  resolved "https://registry.yarnpkg.com/@protobufjs/base64/-/base64-1.1.2.tgz#4c85730e59b9a1f1f349047dbf24296034bb2735"

"@protobufjs/codegen@^2.0.4":
  version "2.0.4"
  resolved "https://registry.yarnpkg.com/@protobufjs/codegen/-/codegen-2.0.4.tgz#7ef37f0d010fb028ad1ad59722e506d9262815cb"

"@protobufjs/eventemitter@^1.1.0":
  version "1.1.0"
  resolved "https://registry.yarnpkg.com/@protobufjs/eventemitter/-/eventemitter-1.1.0.tgz#355cbc98bafad5978f9ed095f397621f1d066b70"

"@protobufjs/fetch@^1.1.0":
  version "1.1.0"
  resolved "https://registry.yarnpkg.com/@protobufjs/fetch/-/fetch-1.1.0.tgz#ba99fb598614af65700c1619ff06d454b0d84c45"
  dependencies:
    "@protobufjs/aspromise" "^1.1.1"
    "@protobufjs/inquire" "^1.1.0"

"@protobufjs/float@^1.0.2":
  version "1.0.2"
  resolved "https://registry.yarnpkg.com/@protobufjs/float/-/float-1.0.2.tgz#5e9e1abdcb73fc0a7cb8b291df78c8cbd97b87d1"

"@protobufjs/inquire@^1.1.0":
  version "1.1.0"
  resolved "https://registry.yarnpkg.com/@protobufjs/inquire/-/inquire-1.1.0.tgz#ff200e3e7cf2429e2dcafc1140828e8cc638f089"

"@protobufjs/path@^1.1.2":
  version "1.1.2"
  resolved "https://registry.yarnpkg.com/@protobufjs/path/-/path-1.1.2.tgz#6cc2b20c5c9ad6ad0dccfd21ca7673d8d7fbf68d"

"@protobufjs/pool@^1.1.0":
  version "1.1.0"
  resolved "https://registry.yarnpkg.com/@protobufjs/pool/-/pool-1.1.0.tgz#09fd15f2d6d3abfa9b65bc366506d6ad7846ff54"

"@protobufjs/utf8@^1.1.0":
  version "1.1.0"
  resolved "https://registry.yarnpkg.com/@protobufjs/utf8/-/utf8-1.1.0.tgz#a777360b5b39a1a2e5106f8e858f2fd2d060c570"

"@types/events@*":
  version "1.2.0"
  resolved "https://registry.yarnpkg.com/@types/events/-/events-1.2.0.tgz#81a6731ce4df43619e5c8c945383b3e62a89ea86"

"@types/graphql@0.12.6":
  version "0.12.6"
  resolved "https://registry.yarnpkg.com/@types/graphql/-/graphql-0.12.6.tgz#3d619198585fcabe5f4e1adfb5cf5f3388c66c13"

"@types/long@^4.0.0":
  version "4.0.0"
  resolved "https://registry.yarnpkg.com/@types/long/-/long-4.0.0.tgz#719551d2352d301ac8b81db732acb6bdc28dbdef"

"@types/node@*", "@types/node@^10.1.0":
  version "10.5.8"
  resolved "https://registry.yarnpkg.com/@types/node/-/node-10.5.8.tgz#6f14ccecad1d19332f063a6a764f8907801fece0"

"@types/ws@^5.1.2":
  version "5.1.2"
  resolved "https://registry.yarnpkg.com/@types/ws/-/ws-5.1.2.tgz#f02d3b1cd46db7686734f3ce83bdf46c49decd64"
  dependencies:
    "@types/events" "*"
    "@types/node" "*"

apollo-cache-control@0.2.0-rc.4:
  version "0.2.0-rc.4"
  resolved "https://registry.yarnpkg.com/apollo-cache-control/-/apollo-cache-control-0.2.0-rc.4.tgz#ad662342317fecb290b540a28f1ff7c328d76536"
  dependencies:
    apollo-server-env "2.0.0-rc.11"
    graphql-extensions "0.1.0-rc.5"

apollo-datasource@0.1.0-rc.11:
  version "0.1.0-rc.11"
  resolved "https://registry.yarnpkg.com/apollo-datasource/-/apollo-datasource-0.1.0-rc.11.tgz#213adf6f2d29de24300ead4fcf82c01d8470198c"
  dependencies:
    apollo-server-caching "0.1.0-rc.11"
    apollo-server-env "2.0.0-rc.11"

apollo-engine-reporting-protobuf@0.0.0-beta.7:
  version "0.0.0-beta.7"
  resolved "https://registry.yarnpkg.com/apollo-engine-reporting-protobuf/-/apollo-engine-reporting-protobuf-0.0.0-beta.7.tgz#aa8595633015e479211c8bc638c209a716a06e32"
  dependencies:
    protobufjs "^6.8.6"

apollo-engine-reporting@0.0.0-rc.5:
  version "0.0.0-rc.5"
  resolved "https://registry.yarnpkg.com/apollo-engine-reporting/-/apollo-engine-reporting-0.0.0-rc.5.tgz#6a8e8bb20c90b677d32dd3c540abaadb556e48c6"
  dependencies:
    apollo-engine-reporting-protobuf "0.0.0-beta.7"
    apollo-server-env "2.0.0-rc.11"
    async-retry "^1.2.1"
    graphql-extensions "0.1.0-rc.5"
    lodash "^4.17.10"

apollo-link@^1.2.2:
  version "1.2.2"
  resolved "https://registry.yarnpkg.com/apollo-link/-/apollo-link-1.2.2.tgz#54c84199b18ac1af8d63553a68ca389c05217a03"
  dependencies:
    "@types/graphql" "0.12.6"
    apollo-utilities "^1.0.0"
    zen-observable-ts "^0.8.9"

apollo-server-caching@0.1.0-rc.11:
  version "0.1.0-rc.11"
  resolved "https://registry.yarnpkg.com/apollo-server-caching/-/apollo-server-caching-0.1.0-rc.11.tgz#63220cdde74879730f3b7229d1f085ecf62e0b0c"
  dependencies:
    lru-cache "^4.1.3"

apollo-server-core@2.0.0-rc.11:
  version "2.0.0-rc.11"
  resolved "https://registry.yarnpkg.com/apollo-server-core/-/apollo-server-core-2.0.0-rc.11.tgz#a996dfb706b69deb74f52ecff58ba694b1e76086"
  dependencies:
    "@types/ws" "^5.1.2"
    apollo-cache-control "0.2.0-rc.4"
    apollo-datasource "0.1.0-rc.11"
    apollo-engine-reporting "0.0.0-rc.5"
    apollo-server-caching "0.1.0-rc.11"
    apollo-server-env "2.0.0-rc.11"
    apollo-server-errors "2.0.0-rc.11"
    apollo-tracing "0.2.0-rc.4"
    apollo-upload-server "^5.0.0"
    graphql-extensions "0.1.0-rc.5"
    graphql-subscriptions "^0.5.8"
    graphql-tag "^2.9.2"
    graphql-tools "^3.0.4"
    hash.js "^1.1.3"
    lodash "^4.17.10"
    subscriptions-transport-ws "^0.9.11"
    ws "^5.2.0"

apollo-server-env@2.0.0-rc.11:
  version "2.0.0-rc.11"
  resolved "https://registry.yarnpkg.com/apollo-server-env/-/apollo-server-env-2.0.0-rc.11.tgz#8c2820bcd0344bc8496e697387fe5c78bc0c5626"
  dependencies:
    node-fetch "^2.1.2"
    util.promisify "^1.0.0"

apollo-server-errors@2.0.0-rc.11:
  version "2.0.0-rc.11"
  resolved "https://registry.yarnpkg.com/apollo-server-errors/-/apollo-server-errors-2.0.0-rc.11.tgz#44b70d52fc43a28d945e90970046be81dea5d298"

apollo-server-lambda@^2.0.0-xrc.11:
  version "2.0.0-xrc.11"
  resolved "https://registry.yarnpkg.com/apollo-server-lambda/-/apollo-server-lambda-2.0.0-xrc.11.tgz#7783741a3941eb5adf3ce606fc9eeeb6aa1d10de"
  dependencies:
    "@apollographql/graphql-playground-html" "^1.6.0"
    apollo-server-core "2.0.0-rc.11"
    apollo-server-env "2.0.0-rc.11"
    graphql-tools "^3.0.4"

apollo-tracing@0.2.0-rc.4:
  version "0.2.0-rc.4"
  resolved "https://registry.yarnpkg.com/apollo-tracing/-/apollo-tracing-0.2.0-rc.4.tgz#b0301e60c76a383fbd7f46c0d4c0267e0f6715b3"
  dependencies:
    apollo-server-env "2.0.0-rc.11"
    graphql-extensions "0.1.0-beta.0"

apollo-upload-server@^5.0.0:
  version "5.0.0"
  resolved "https://registry.yarnpkg.com/apollo-upload-server/-/apollo-upload-server-5.0.0.tgz#c953b523608313966e0c8444637f4ae8ef77d5bc"
  dependencies:
    "@babel/runtime" "^7.0.0-beta.40"
    busboy "^0.2.14"
    object-path "^0.11.4"

apollo-utilities@^1.0.0, apollo-utilities@^1.0.1:
  version "1.0.18"
  resolved "https://registry.yarnpkg.com/apollo-utilities/-/apollo-utilities-1.0.18.tgz#e4ee91534283fde2b744a26caaea120fe6a94f67"
  dependencies:
    fast-json-stable-stringify "^2.0.0"

async-limiter@~1.0.0:
  version "1.0.0"
  resolved "https://registry.yarnpkg.com/async-limiter/-/async-limiter-1.0.0.tgz#78faed8c3d074ab81f22b4e985d79e8738f720f8"

async-retry@^1.2.1:
  version "1.2.1"
  resolved "https://registry.yarnpkg.com/async-retry/-/async-retry-1.2.1.tgz#308c6c4e1d91e63397a4676290334ae9bda7bcb1"
  dependencies:
    retry "0.10.1"

backo2@^1.0.2:
  version "1.0.2"
  resolved "https://registry.yarnpkg.com/backo2/-/backo2-1.0.2.tgz#31ab1ac8b129363463e35b3ebb69f4dfcfba7947"

buffer-from@^1.0.0:
  version "1.1.1"
  resolved "https://registry.yarnpkg.com/buffer-from/-/buffer-from-1.1.1.tgz#32713bc028f75c02fdb710d7c7bcec1f2c6070ef"

busboy@^0.2.14:
  version "0.2.14"
  resolved "https://registry.yarnpkg.com/busboy/-/busboy-0.2.14.tgz#6c2a622efcf47c57bbbe1e2a9c37ad36c7925453"
  dependencies:
    dicer "0.2.5"
    readable-stream "1.1.x"

core-js@^2.5.3:
  version "2.5.7"
  resolved "https://registry.yarnpkg.com/core-js/-/core-js-2.5.7.tgz#f972608ff0cead68b841a16a932d0b183791814e"

core-util-is@~1.0.0:
  version "1.0.2"
  resolved "https://registry.yarnpkg.com/core-util-is/-/core-util-is-1.0.2.tgz#b5fd54220aa2bc5ab57aab7140c940754503c1a7"

define-properties@^1.1.2:
  version "1.1.2"
  resolved "https://registry.yarnpkg.com/define-properties/-/define-properties-1.1.2.tgz#83a73f2fea569898fb737193c8f873caf6d45c94"
  dependencies:
    foreach "^2.0.5"
    object-keys "^1.0.8"

deprecated-decorator@^0.1.6:
  version "0.1.6"
  resolved "https://registry.yarnpkg.com/deprecated-decorator/-/deprecated-decorator-0.1.6.tgz#00966317b7a12fe92f3cc831f7583af329b86c37"

dicer@0.2.5:
  version "0.2.5"
  resolved "https://registry.yarnpkg.com/dicer/-/dicer-0.2.5.tgz#5996c086bb33218c812c090bddc09cd12facb70f"
  dependencies:
    readable-stream "1.1.x"
    streamsearch "0.1.2"

es-abstract@^1.5.1:
  version "1.12.0"
  resolved "https://registry.yarnpkg.com/es-abstract/-/es-abstract-1.12.0.tgz#9dbbdd27c6856f0001421ca18782d786bf8a6165"
  dependencies:
    es-to-primitive "^1.1.1"
    function-bind "^1.1.1"
    has "^1.0.1"
    is-callable "^1.1.3"
    is-regex "^1.0.4"

es-to-primitive@^1.1.1:
  version "1.1.1"
  resolved "https://registry.yarnpkg.com/es-to-primitive/-/es-to-primitive-1.1.1.tgz#45355248a88979034b6792e19bb81f2b7975dd0d"
  dependencies:
    is-callable "^1.1.1"
    is-date-object "^1.0.1"
    is-symbol "^1.0.1"

eventemitter3@^3.1.0:
  version "3.1.0"
  resolved "https://registry.yarnpkg.com/eventemitter3/-/eventemitter3-3.1.0.tgz#090b4d6cdbd645ed10bf750d4b5407942d7ba163"

fast-json-stable-stringify@^2.0.0:
  version "2.0.0"
  resolved "https://registry.yarnpkg.com/fast-json-stable-stringify/-/fast-json-stable-stringify-2.0.0.tgz#d5142c0caee6b1189f87d3a76111064f86c8bbf2"

foreach@^2.0.5:
  version "2.0.5"
  resolved "https://registry.yarnpkg.com/foreach/-/foreach-2.0.5.tgz#0bee005018aeb260d0a3af3ae658dd0136ec1b99"

function-bind@^1.1.1:
  version "1.1.1"
  resolved "https://registry.yarnpkg.com/function-bind/-/function-bind-1.1.1.tgz#a56899d3ea3c9bab874bb9773b7c5ede92f4895d"

graphql-extensions@0.1.0-beta.0:
  version "0.1.0-beta.0"
  resolved "https://registry.yarnpkg.com/graphql-extensions/-/graphql-extensions-0.1.0-beta.0.tgz#2c05692a1e403274c8e3c6c1e0793d701cbdb1ab"
  dependencies:
    core-js "^2.5.3"
    source-map-support "^0.5.1"

graphql-extensions@0.1.0-rc.5:
  version "0.1.0-rc.5"
  resolved "https://registry.yarnpkg.com/graphql-extensions/-/graphql-extensions-0.1.0-rc.5.tgz#e141c1fd3b04a21163db03f7fe9d75a86e22a872"
  dependencies:
    apollo-server-env "2.0.0-rc.11"

graphql-subscriptions@^0.5.8:
  version "0.5.8"
  resolved "https://registry.yarnpkg.com/graphql-subscriptions/-/graphql-subscriptions-0.5.8.tgz#13a6143c546bce390404657dc73ca501def30aa7"
  dependencies:
    iterall "^1.2.1"

graphql-tag@^2.9.2:
  version "2.9.2"
  resolved "https://registry.yarnpkg.com/graphql-tag/-/graphql-tag-2.9.2.tgz#2f60a5a981375f430bf1e6e95992427dc18af686"

graphql-tools@^3.0.4:
  version "3.1.1"
  resolved "https://registry.yarnpkg.com/graphql-tools/-/graphql-tools-3.1.1.tgz#d593358f01e7c8b1671a17b70ddb034dea9dbc50"
  dependencies:
    apollo-link "^1.2.2"
    apollo-utilities "^1.0.1"
    deprecated-decorator "^0.1.6"
    iterall "^1.1.3"
    uuid "^3.1.0"

graphql@^0.13.2:
  version "0.13.2"
  resolved "https://registry.yarnpkg.com/graphql/-/graphql-0.13.2.tgz#4c740ae3c222823e7004096f832e7b93b2108270"
  dependencies:
    iterall "^1.2.1"

has@^1.0.1:
  version "1.0.3"
  resolved "https://registry.yarnpkg.com/has/-/has-1.0.3.tgz#722d7cbfc1f6aa8241f16dd814e011e1f41e8796"
  dependencies:
    function-bind "^1.1.1"

hash.js@^1.1.3:
  version "1.1.5"
  resolved "https://registry.yarnpkg.com/hash.js/-/hash.js-1.1.5.tgz#e38ab4b85dfb1e0c40fe9265c0e9b54854c23812"
  dependencies:
    inherits "^2.0.3"
    minimalistic-assert "^1.0.1"

inherits@^2.0.3, inherits@~2.0.1:
  version "2.0.3"
  resolved "https://registry.yarnpkg.com/inherits/-/inherits-2.0.3.tgz#633c2c83e3da42a502f52466022480f4208261de"

is-callable@^1.1.1, is-callable@^1.1.3:
  version "1.1.4"
  resolved "https://registry.yarnpkg.com/is-callable/-/is-callable-1.1.4.tgz#1e1adf219e1eeb684d691f9d6a05ff0d30a24d75"

is-date-object@^1.0.1:
  version "1.0.1"
  resolved "https://registry.yarnpkg.com/is-date-object/-/is-date-object-1.0.1.tgz#9aa20eb6aeebbff77fbd33e74ca01b33581d3a16"

is-regex@^1.0.4:
  version "1.0.4"
  resolved "https://registry.yarnpkg.com/is-regex/-/is-regex-1.0.4.tgz#5517489b547091b0930e095654ced25ee97e9491"
  dependencies:
    has "^1.0.1"

is-symbol@^1.0.1:
  version "1.0.1"
  resolved "https://registry.yarnpkg.com/is-symbol/-/is-symbol-1.0.1.tgz#3cc59f00025194b6ab2e38dbae6689256b660572"

isarray@0.0.1:
  version "0.0.1"
  resolved "https://registry.yarnpkg.com/isarray/-/isarray-0.0.1.tgz#8a18acfca9a8f4177e09abfc6038939b05d1eedf"

iterall@^1.1.3, iterall@^1.2.1:
  version "1.2.2"
  resolved "https://registry.yarnpkg.com/iterall/-/iterall-1.2.2.tgz#92d70deb8028e0c39ff3164fdbf4d8b088130cd7"

lodash@^4.17.10:
  version "4.17.10"
  resolved "https://registry.yarnpkg.com/lodash/-/lodash-4.17.10.tgz#1b7793cf7259ea38fb3661d4d38b3260af8ae4e7"

long@^4.0.0:
  version "4.0.0"
  resolved "https://registry.yarnpkg.com/long/-/long-4.0.0.tgz#9a7b71cfb7d361a194ea555241c92f7468d5bf28"

lru-cache@^4.1.3:
  version "4.1.3"
  resolved "https://registry.yarnpkg.com/lru-cache/-/lru-cache-4.1.3.tgz#a1175cf3496dfc8436c156c334b4955992bce69c"
  dependencies:
    pseudomap "^1.0.2"
    yallist "^2.1.2"

minimalistic-assert@^1.0.1:
  version "1.0.1"
  resolved "https://registry.yarnpkg.com/minimalistic-assert/-/minimalistic-assert-1.0.1.tgz#2e194de044626d4a10e7f7fbc00ce73e83e4d5c7"

node-fetch@^2.1.2:
  version "2.2.0"
  resolved "https://registry.yarnpkg.com/node-fetch/-/node-fetch-2.2.0.tgz#4ee79bde909262f9775f731e3656d0db55ced5b5"

object-keys@^1.0.8:
  version "1.0.12"
  resolved "https://registry.yarnpkg.com/object-keys/-/object-keys-1.0.12.tgz#09c53855377575310cca62f55bb334abff7b3ed2"

object-path@^0.11.4:
  version "0.11.4"
  resolved "https://registry.yarnpkg.com/object-path/-/object-path-0.11.4.tgz#370ae752fbf37de3ea70a861c23bba8915691949"

object.getownpropertydescriptors@^2.0.3:
  version "2.0.3"
  resolved "https://registry.yarnpkg.com/object.getownpropertydescriptors/-/object.getownpropertydescriptors-2.0.3.tgz#8758c846f5b407adab0f236e0986f14b051caa16"
  dependencies:
    define-properties "^1.1.2"
    es-abstract "^1.5.1"

protobufjs@^6.8.6:
  version "6.8.8"
  resolved "https://registry.yarnpkg.com/protobufjs/-/protobufjs-6.8.8.tgz#c8b4f1282fd7a90e6f5b109ed11c84af82908e7c"
  dependencies:
    "@protobufjs/aspromise" "^1.1.2"
    "@protobufjs/base64" "^1.1.2"
    "@protobufjs/codegen" "^2.0.4"
    "@protobufjs/eventemitter" "^1.1.0"
    "@protobufjs/fetch" "^1.1.0"
    "@protobufjs/float" "^1.0.2"
    "@protobufjs/inquire" "^1.1.0"
    "@protobufjs/path" "^1.1.2"
    "@protobufjs/pool" "^1.1.0"
    "@protobufjs/utf8" "^1.1.0"
    "@types/long" "^4.0.0"
    "@types/node" "^10.1.0"
    long "^4.0.0"

pseudomap@^1.0.2:
  version "1.0.2"
  resolved "https://registry.yarnpkg.com/pseudomap/-/pseudomap-1.0.2.tgz#f052a28da70e618917ef0a8ac34c1ae5a68286b3"

readable-stream@1.1.x:
  version "1.1.14"
  resolved "https://registry.yarnpkg.com/readable-stream/-/readable-stream-1.1.14.tgz#7cf4c54ef648e3813084c636dd2079e166c081d9"
  dependencies:
    core-util-is "~1.0.0"
    inherits "~2.0.1"
    isarray "0.0.1"
    string_decoder "~0.10.x"

regenerator-runtime@^0.12.0:
  version "0.12.1"
  resolved "https://registry.yarnpkg.com/regenerator-runtime/-/regenerator-runtime-0.12.1.tgz#fa1a71544764c036f8c49b13a08b2594c9f8a0de"

retry@0.10.1:
  version "0.10.1"
  resolved "https://registry.yarnpkg.com/retry/-/retry-0.10.1.tgz#e76388d217992c252750241d3d3956fed98d8ff4"

source-map-support@^0.5.1:
  version "0.5.8"
  resolved "https://registry.yarnpkg.com/source-map-support/-/source-map-support-0.5.8.tgz#04f5581713a8a65612d0175fbf3a01f80a162613"
  dependencies:
    buffer-from "^1.0.0"
    source-map "^0.6.0"

source-map@^0.6.0:
  version "0.6.1"
  resolved "https://registry.yarnpkg.com/source-map/-/source-map-0.6.1.tgz#74722af32e9614e9c287a8d0bbde48b5e2f1a263"

streamsearch@0.1.2:
  version "0.1.2"
  resolved "https://registry.yarnpkg.com/streamsearch/-/streamsearch-0.1.2.tgz#808b9d0e56fc273d809ba57338e929919a1a9f1a"

string_decoder@~0.10.x:
  version "0.10.31"
  resolved "https://registry.yarnpkg.com/string_decoder/-/string_decoder-0.10.31.tgz#62e203bc41766c6c28c9fc84301dab1c5310fa94"

subscriptions-transport-ws@^0.9.11:
  version "0.9.14"
  resolved "https://registry.yarnpkg.com/subscriptions-transport-ws/-/subscriptions-transport-ws-0.9.14.tgz#a39e08edba89ee4cfd95f30484c55d865f5d8451"
  dependencies:
    backo2 "^1.0.2"
    eventemitter3 "^3.1.0"
    iterall "^1.2.1"
    symbol-observable "^1.0.4"
    ws "^5.2.0"

symbol-observable@^1.0.4:
  version "1.2.0"
  resolved "https://registry.yarnpkg.com/symbol-observable/-/symbol-observable-1.2.0.tgz#c22688aed4eab3cdc2dfeacbb561660560a00804"

util.promisify@^1.0.0:
  version "1.0.0"
  resolved "https://registry.yarnpkg.com/util.promisify/-/util.promisify-1.0.0.tgz#440f7165a459c9a16dc145eb8e72f35687097030"
  dependencies:
    define-properties "^1.1.2"
    object.getownpropertydescriptors "^2.0.3"

uuid@^3.1.0:
  version "3.3.2"
  resolved "https://registry.yarnpkg.com/uuid/-/uuid-3.3.2.tgz#1b4af4955eb3077c501c23872fc6513811587131"

ws@^5.2.0:
  version "5.2.2"
  resolved "https://registry.yarnpkg.com/ws/-/ws-5.2.2.tgz#dffef14866b8e8dc9133582514d1befaf96e980f"
  dependencies:
    async-limiter "~1.0.0"

yallist@^2.1.2:
  version "2.1.2"
  resolved "https://registry.yarnpkg.com/yallist/-/yallist-2.1.2.tgz#1c11f9218f076089a47dd512f93c6699a6a81d52"

zen-observable-ts@^0.8.9:
  version "0.8.9"
  resolved "https://registry.yarnpkg.com/zen-observable-ts/-/zen-observable-ts-0.8.9.tgz#d3c97af08c0afdca37ebcadf7cc3ee96bda9bab1"
  dependencies:
    zen-observable "^0.8.0"

zen-observable@^0.8.0:
  version "0.8.9"
  resolved "https://registry.yarnpkg.com/zen-observable/-/zen-observable-0.8.9.tgz#0475c760ff0eda046bbdfa4dc3f95d392807ac53"
